
Microsoft Visual Studio Solution File, Format Version 12.00
# Visual Studio Version 17
VisualStudioVersion = 17.4.33110.190
MinimumVisualStudioVersion = 10.0.40219.1
Project("{9A19103F-16F7-4668-BE54-9A1E7A4F7556}") = "EcommerceProject.Server", "Server\EcommerceProject.Server.csproj", "{953C9216-C652-4275-A108-BDD1F015F9D4}"
EndProject
Project("{9A19103F-16F7-4668-BE54-9A1E7A4F7556}") = "EcommerceProject.Client", "Client\EcommerceProject.Client.csproj", "{3CDED198-A34D-4230-941E-9C11335E4422}"
EndProject
Project("{9A19103F-16F7-4668-BE54-9A1E7A4F7556}") = "EcommerceProject.Shared", "Shared\EcommerceProject.Shared.csproj", "{8FEABA89-BA7E-42C8-9845-FFE3E2B086EC}"
EndProject
Global
	GlobalSection(SolutionConfigurationPlatforms) = preSolution
		Debug|Any CPU = Debug|Any CPU
		Release|Any CPU = Release|Any CPU
	EndGlobalSection
	GlobalSection(ProjectConfigurationPlatforms) = postSolution
		{953C9216-C652-4275-A108-BDD1F015F9D4}.Debug|Any CPU.ActiveCfg = Debug|Any CPU
		{953C9216-C652-4275-A108-BDD1F015F9D4}.Debug|Any CPU.Build.0 = Debug|Any CPU
		{953C9216-C652-4275-A108-BDD1F015F9D4}.Release|Any CPU.ActiveCfg = Release|Any CPU
		{953C9216-C652-4275-A108-BDD1F015F9D4}.Release|Any CPU.Build.0 = Release|Any CPU
		{3CDED198-A34D-4230-941E-9C11335E4422}.Debug|Any CPU.ActiveCfg = Debug|Any CPU
		{3CDED198-A34D-4230-941E-9C11335E4422}.Debug|Any CPU.Build.0 = Debug|Any CPU
		{3CDED198-A34D-4230-941E-9C11335E4422}.Release|Any CPU.ActiveCfg = Release|Any CPU
		{3CDED198-A34D-4230-941E-9C11335E4422}.Release|Any CPU.Build.0 = Release|Any CPU
		{8FEABA89-BA7E-42C8-9845-FFE3E2B086EC}.Debug|Any CPU.ActiveCfg = Debug|Any CPU
		{8FEABA89-BA7E-42C8-9845-FFE3E2B086EC}.Debug|Any CPU.Build.0 = Debug|Any CPU
		{8FEABA89-BA7E-42C8-9845-FFE3E2B086EC}.Release|Any CPU.ActiveCfg = Release|Any CPU
		{8FEABA89-BA7E-42C8-9845-FFE3E2B086EC}.Release|Any CPU.Build.0 = Release|Any CPU
	EndGlobalSection
	GlobalSection(SolutionProperties) = preSolution
		HideSolutionNode = FALSE
	EndGlobalSection
	GlobalSection(ExtensibilityGlobals) = postSolution
		SolutionGuid = {20E8AA95-382A-45D6-A3A9-DDBD767B1E24}
	EndGlobalSection
EndGlobal
